// !$*UTF8*$!
{
	archiveVersion = 1;
	classes = {
	};
	objectVersion = 50;
	objects = {

/* Begin PBXBuildFile section */
		92A67602258B8ABA00528691 /* AppDelegate.m in Sources */ = {isa = PBXBuildFile; fileRef = 92A67601258B8ABA00528691 /* AppDelegate.m */; };
		92A67605258B8ABA00528691 /* ViewController.m in Sources */ = {isa = PBXBuildFile; fileRef = 92A67604258B8ABA00528691 /* ViewController.m */; };
		92A67608258B8ABA00528691 /* Main.storyboard in Resources */ = {isa = PBXBuildFile; fileRef = 92A67606258B8ABA00528691 /* Main.storyboard */; };
		92A6760A258B8ABC00528691 /* Assets.xcassets in Resources */ = {isa = PBXBuildFile; fileRef = 92A67609258B8ABC00528691 /* Assets.xcassets */; };
		92A6760D258B8ABC00528691 /* LaunchScreen.storyboard in Resources */ = {isa = PBXBuildFile; fileRef = 92A6760B258B8ABC00528691 /* LaunchScreen.storyboard */; };
		92A67610258B8ABC00528691 /* main.m in Sources */ = {isa = PBXBuildFile; fileRef = 92A6760F258B8ABC00528691 /* main.m */; };
		92A6761F258B8AEC00528691 /* YYDiskCache.m in Sources */ = {isa = PBXBuildFile; fileRef = 92A67617258B8AEC00528691 /* YYDiskCache.m */; };
		92A67620258B8AEC00528691 /* YYCache.m in Sources */ = {isa = PBXBuildFile; fileRef = 92A67619258B8AEC00528691 /* YYCache.m */; };
		92A67621258B8AEC00528691 /* YYKVStorage.m in Sources */ = {isa = PBXBuildFile; fileRef = 92A6761D258B8AEC00528691 /* YYKVStorage.m */; };
		92A67622258B8AEC00528691 /* YYMemoryCache.m in Sources */ = {isa = PBXBuildFile; fileRef = 92A6761E258B8AEC00528691 /* YYMemoryCache.m */; };
/* End PBXBuildFile section */

/* Begin PBXFileReference section */
		92A675FD258B8ABA00528691 /* TPYYCacheDome.app */ = {isa = PBXFileReference; explicitFileType = wrapper.application; includeInIndex = 0; path = TPYYCacheDome.app; sourceTree = BUILT_PRODUCTS_DIR; };
		92A67600258B8ABA00528691 /* AppDelegate.h */ = {isa = PBXFileReference; lastKnownFileType = sourcecode.c.h; path = AppDelegate.h; sourceTree = "<group>"; };
		92A67601258B8ABA00528691 /* AppDelegate.m */ = {isa = PBXFileReference; lastKnownFileType = sourcecode.c.objc; path = AppDelegate.m; sourceTree = "<group>"; };
		92A67603258B8ABA00528691 /* ViewController.h */ = {isa = PBXFileReference; lastKnownFileType = sourcecode.c.h; path = ViewController.h; sourceTree = "<group>"; };
		92A67604258B8ABA00528691 /* ViewController.m */ = {isa = PBXFileReference; lastKnownFileType = sourcecode.c.objc; path = ViewController.m; sourceTree = "<group>"; };
		92A67607258B8ABA00528691 /* Base */ = {isa = PBXFileReference; lastKnownFileType = file.storyboard; name = Base; path = Base.lproj/Main.storyboard; sourceTree = "<group>"; };
		92A67609258B8ABC00528691 /* Assets.xcassets */ = {isa = PBXFileReference; lastKnownFileType = folder.assetcatalog; path = Assets.xcassets; sourceTree = "<group>"; };
		92A6760C258B8ABC00528691 /* Base */ = {isa = PBXFileReference; lastKnownFileType = file.storyboard; name = Base; path = Base.lproj/LaunchScreen.storyboard; sourceTree = "<group>"; };
		92A6760E258B8ABC00528691 /* Info.plist */ = {isa = PBXFileReference; lastKnownFileType = text.plist.xml; path = Info.plist; sourceTree = "<group>"; };
		92A6760F258B8ABC00528691 /* main.m */ = {isa = PBXFileReference; lastKnownFileType = sourcecode.c.objc; path = main.m; sourceTree = "<group>"; };
		92A67617258B8AEC00528691 /* YYDiskCache.m */ = {isa = PBXFileReference; fileEncoding = 4; lastKnownFileType = sourcecode.c.objc; path = YYDiskCache.m; sourceTree = "<group>"; };
		92A67618258B8AEC00528691 /* YYKVStorage.h */ = {isa = PBXFileReference; fileEncoding = 4; lastKnownFileType = sourcecode.c.h; path = YYKVStorage.h; sourceTree = "<group>"; };
		92A67619258B8AEC00528691 /* YYCache.m */ = {isa = PBXFileReference; fileEncoding = 4; lastKnownFileType = sourcecode.c.objc; path = YYCache.m; sourceTree = "<group>"; };
		92A6761A258B8AEC00528691 /* YYMemoryCache.h */ = {isa = PBXFileReference; fileEncoding = 4; lastKnownFileType = sourcecode.c.h; path = YYMemoryCache.h; sourceTree = "<group>"; };
		92A6761B258B8AEC00528691 /* YYDiskCache.h */ = {isa = PBXFileReference; fileEncoding = 4; lastKnownFileType = sourcecode.c.h; path = YYDiskCache.h; sourceTree = "<group>"; };
		92A6761C258B8AEC00528691 /* YYCache.h */ = {isa = PBXFileReference; fileEncoding = 4; lastKnownFileType = sourcecode.c.h; path = YYCache.h; sourceTree = "<group>"; };
		92A6761D258B8AEC00528691 /* YYKVStorage.m */ = {isa = PBXFileReference; fileEncoding = 4; lastKnownFileType = sourcecode.c.objc; path = YYKVStorage.m; sourceTree = "<group>"; };
		92A6761E258B8AEC00528691 /* YYMemoryCache.m */ = {isa = PBXFileReference; fileEncoding = 4; lastKnownFileType = sourcecode.c.objc; path = YYMemoryCache.m; sourceTree = "<group>"; };
/* End PBXFileReference section */

/* Begin PBXFrameworksBuildPhase section */
		92A675FA258B8ABA00528691 /* Frameworks */ = {
			isa = PBXFrameworksBuildPhase;
			buildActionMask = 2147483647;
			files = (
			);
			runOnlyForDeploymentPostprocessing = 0;
		};
/* End PBXFrameworksBuildPhase section */

/* Begin PBXGroup section */
		92A675F4258B8ABA00528691 = {
			isa = PBXGroup;
			children = (
				92A675FF258B8ABA00528691 /* TPYYCacheDome */,
				92A675FE258B8ABA00528691 /* Products */,
			);
			sourceTree = "<group>";
		};
		92A675FE258B8ABA00528691 /* Products */ = {
			isa = PBXGroup;
			children = (
				92A675FD258B8ABA00528691 /* TPYYCacheDome.app */,
			);
			name = Products;
			sourceTree = "<group>";
		};
		92A675FF258B8ABA00528691 /* TPYYCacheDome */ = {
			isa = PBXGroup;
			children = (
				92A67616258B8AEC00528691 /* YYCache */,
				92A67600258B8ABA00528691 /* AppDelegate.h */,
				92A67601258B8ABA00528691 /* AppDelegate.m */,
				92A67603258B8ABA00528691 /* ViewController.h */,
				92A67604258B8ABA00528691 /* ViewController.m */,
				92A67606258B8ABA00528691 /* Main.storyboard */,
				92A67609258B8ABC00528691 /* Assets.xcassets */,
				92A6760B258B8ABC00528691 /* LaunchScreen.storyboard */,
				92A6760E258B8ABC00528691 /* Info.plist */,
				92A6760F258B8ABC00528691 /* main.m */,
			);
			path = TPYYCacheDome;
			sourceTree = "<group>";
		};
		92A67616258B8AEC00528691 /* YYCache */ = {
			isa = PBXGroup;
			children = (
				92A67617258B8AEC00528691 /* YYDiskCache.m */,
				92A67618258B8AEC00528691 /* YYKVStorage.h */,
				92A67619258B8AEC00528691 /* YYCache.m */,
				92A6761A258B8AEC00528691 /* YYMemoryCache.h */,
				92A6761B258B8AEC00528691 /* YYDiskCache.h */,
				92A6761C258B8AEC00528691 /* YYCache.h */,
				92A6761D258B8AEC00528691 /* YYKVStorage.m */,
				92A6761E258B8AEC00528691 /* YYMemoryCache.m */,
			);
			path = YYCache;
			sourceTree = "<group>";
		};
/* End PBXGroup section */

/* Begin PBXNativeTarget section */
		92A675FC258B8ABA00528691 /* TPYYCacheDome */ = {
			isa = PBXNativeTarget;
			buildConfigurationList = 92A67613258B8ABC00528691 /* Build configuration list for PBXNativeTarget "TPYYCacheDome" */;
			buildPhases = (
				92A675F9258B8ABA00528691 /* Sources */,
				92A675FA258B8ABA00528691 /* Frameworks */,
				92A675FB258B8ABA00528691 /* Resources */,
			);
			buildRules = (
			);
			dependencies = (
			);
			name = TPYYCacheDome;
			productName = TPYYCacheDome;
			productReference = 92A675FD258B8ABA00528691 /* TPYYCacheDome.app */;
			productType = "com.apple.product-type.application";
		};
/* End PBXNativeTarget section */

/* Begin PBXProject section */
		92A675F5258B8ABA00528691 /* Project object */ = {
			isa = PBXProject;
			attributes = {
				LastUpgradeCheck = 1020;
				ORGANIZATIONNAME = "天蓬大元";
				TargetAttributes = {
					92A675FC258B8ABA00528691 = {
						CreatedOnToolsVersion = 10.2.1;
					};
				};
			};
			buildConfigurationList = 92A675F8258B8ABA00528691 /* Build configuration list for PBXProject "TPYYCacheDome" */;
			compatibilityVersion = "Xcode 9.3";
			developmentRegion = en;
			hasScannedForEncodings = 0;
			knownRegions = (
				en,
				Base,
			);
			mainGroup = 92A675F4258B8ABA00528691;
			productRefGroup = 92A675FE258B8ABA00528691 /* Products */;
			projectDirPath = "";
			projectRoot = "";
			targets = (
				92A675FC258B8ABA00528691 /* TPYYCacheDome */,
			);
		};
/* End PBXProject section */

/* Begin PBXResourcesBuildPhase section */
		92A675FB258B8ABA00528691 /* Resources */ = {
			isa = PBXResourcesBuildPhase;
			buildActionMask = 2147483647;
			files = (
				92A6760D258B8ABC00528691 /* LaunchScreen.storyboard in Resources */,
				92A6760A258B8ABC00528691 /* Assets.xcassets in Resources */,
				92A67608258B8ABA00528691 /* Main.storyboard in Resources */,
			);
			runOnlyForDeploymentPostprocessing = 0;
		};
/* End PBXResourcesBuildPhase section */

/* Begin PBXSourcesBuildPhase section */
		92A675F9258B8ABA00528691 /* Sources */ = {
			isa = PBXSourcesBuildPhase;
			buildActionMask = 2147483647;
			files = (
				92A67621258B8AEC00528691 /* YYKVStorage.m in Sources */,
				92A67605258B8ABA00528691 /* ViewController.m in Sources */,
				92A6761F258B8AEC00528691 /* YYDiskCache.m in Sources */,
				92A67610258B8ABC00528691 /* main.m in Sources */,
				92A67602258B8ABA00528691 /* AppDelegate.m in Sources */,
				92A67622258B8AEC00528691 /* YYMemoryCache.m in Sources */,
				92A67620258B8AEC00528691 /* YYCache.m in Sources */,
			);
			runOnlyForDeploymentPostprocessing = 0;
		};
/* End PBXSourcesBuildPhase section */

/* Begin PBXVariantGroup section */
		92A67606258B8ABA00528691 /* Main.storyboard */ = {
			isa = PBXVariantGroup;
			children = (
				92A67607258B8ABA00528691 /* Base */,
			);
			name = Main.storyboard;
			sourceTree = "<group>";
		};
		92A6760B258B8ABC00528691 /* LaunchScreen.storyboard */ = {
			isa = PBXVariantGroup;
			children = (
				92A6760C258B8ABC00528691 /* Base */,
			);
			name = LaunchScreen.storyboard;
			sourceTree = "<group>";
		};
/* End PBXVariantGroup section */

/* Begin XCBuildConfiguration section */
		92A67611258B8ABC00528691 /* Debug */ = {
			isa = XCBuildConfiguration;
			buildSettings = {
				ALWAYS_SEARCH_USER_PATHS = NO;
				CLANG_ANALYZER_NONNULL = YES;
				CLANG_ANALYZER_NUMBER_OBJECT_CONVERSION = YES_AGGRESSIVE;
				CLANG_CXX_LANGUAGE_STANDARD = "gnu++14";
				CLANG_CXX_LIBRARY = "libc++";
				CLANG_ENABLE_MODULES = YES;
				CLANG_ENABLE_OBJC_ARC = YES;
				CLANG_ENABLE_OBJC_WEAK = YES;
				CLANG_WARN_BLOCK_CAPTURE_AUTORELEASING = YES;
				CLANG_WARN_BOOL_CONVERSION = YES;
				CLANG_WARN_COMMA = YES;
				CLANG_WARN_CONSTANT_CONVERSION = YES;
				CLANG_WARN_DEPRECATED_OBJC_IMPLEMENTATIONS = YES;
				CLANG_WARN_DIRECT_OBJC_ISA_USAGE = YES_ERROR;
				CLANG_WARN_DOCUMENTATION_COMMENTS = YES;
				CLANG_WARN_EMPTY_BODY = YES;
				CLANG_WARN_ENUM_CONVERSION = YES;
				CLANG_WARN_INFINITE_RECURSION = YES;
				CLANG_WARN_INT_CONVERSION = YES;
				CLANG_WARN_NON_LITERAL_NULL_CONVERSION = YES;
				CLANG_WARN_OBJC_IMPLICIT_RETAIN_SELF = YES;
				CLANG_WARN_OBJC_LITERAL_CONVERSION = YES;
				CLANG_WARN_OBJC_ROOT_CLASS = YES_ERROR;
				CLANG_WARN_RANGE_LOOP_ANALYSIS = YES;
				CLANG_WARN_STRICT_PROTOTYPES = YES;
				CLANG_WARN_SUSPICIOUS_MOVE = YES;
				CLANG_WARN_UNGUARDED_AVAILABILITY = YES_AGGRESSIVE;
				CLANG_WARN_UNREACHABLE_CODE = YES;
				CLANG_WARN__DUPLICATE_METHOD_MATCH = YES;
				CODE_SIGN_IDENTITY = "iPhone Developer";
				COPY_PHASE_STRIP = NO;
				DEBUG_INFORMATION_FORMAT = dwarf;
				ENABLE_STRICT_OBJC_MSGSEND = YES;
				ENABLE_TESTABILITY = YES;
				GCC_C_LANGUAGE_STANDARD = gnu11;
				GCC_DYNAMIC_NO_PIC = NO;
				GCC_NO_COMMON_BLOCKS = YES;
				GCC_OPTIMIZATION_LEVEL = 0;
				GCC_PREPROCESSOR_DEFINITIONS = (
					"DEBUG=1",
					"$(inherited)",
				);
				GCC_WARN_64_TO_32_BIT_CONVERSION = YES;
				GCC_WARN_ABOUT_RETURN_TYPE = YES_ERROR;
				GCC_WARN_UNDECLARED_SELECTOR = YES;
				GCC_WARN_UNINITIALIZED_AUTOS = YES_AGGRESSIVE;
				GCC_WARN_UNUSED_FUNCTION = YES;
				GCC_WARN_UNUSED_VARIABLE = YES;
				IPHONEOS_DEPLOYMENT_TARGET = 12.2;
				MTL_ENABLE_DEBUG_INFO = INCLUDE_SOURCE;
				MTL_FAST_MATH = YES;
				ONLY_ACTIVE_ARCH = YES;
				SDKROOT = iphoneos;
			};
			name = Debug;
		};
		92A67612258B8ABC00528691 /* Release */ = {
			isa = XCBuildConfiguration;
			buildSettings = {
				ALWAYS_SEARCH_USER_PATHS = NO;
				CLANG_ANALYZER_NONNULL = YES;
				CLANG_ANALYZER_NUMBER_OBJECT_CONVERSION = YES_AGGRESSIVE;
				CLANG_CXX_LANGUAGE_STANDARD = "gnu++14";
				CLANG_CXX_LIBRARY = "libc++";
				CLANG_ENABLE_MODULES = YES;
				CLANG_ENABLE_OBJC_ARC = YES;
				CLANG_ENABLE_OBJC_WEAK = YES;
				CLANG_WARN_BLOCK_CAPTURE_AUTORELEASING = YES;
				CLANG_WARN_BOOL_CONVERSION = YES;
				CLANG_WARN_COMMA = YES;
				CLANG_WARN_CONSTANT_CONVERSION = YES;
				CLANG_WARN_DEPRECATED_OBJC_IMPLEMENTATIONS = YES;
				CLANG_WARN_DIRECT_OBJC_ISA_USAGE = YES_ERROR;
				CLANG_WARN_DOCUMENTATION_COMMENTS = YES;
				CLANG_WARN_EMPTY_BODY = YES;
				CLANG_WARN_ENUM_CONVERSION = YES;
				CLANG_WARN_INFINITE_RECURSION = YES;
				CLANG_WARN_INT_CONVERSION = YES;
				CLANG_WARN_NON_LITERAL_NULL_CONVERSION = YES;
				CLANG_WARN_OBJC_IMPLICIT_RETAIN_SELF = YES;
				CLANG_WARN_OBJC_LITERAL_CONVERSION = YES;
				CLANG_WARN_OBJC_ROOT_CLASS = YES_ERROR;
				CLANG_WARN_RANGE_LOOP_ANALYSIS = YES;
				CLANG_WARN_STRICT_PROTOTYPES = YES;
				CLANG_WARN_SUSPICIOUS_MOVE = YES;
				CLANG_WARN_UNGUARDED_AVAILABILITY = YES_AGGRESSIVE;
				CLANG_WARN_UNREACHABLE_CODE = YES;
				CLANG_WARN__DUPLICATE_METHOD_MATCH = YES;
				CODE_SIGN_IDENTITY = "iPhone Developer";
				COPY_PHASE_STRIP = NO;
				DEBUG_INFORMATION_FORMAT = "dwarf-with-dsym";
				ENABLE_NS_ASSERTIONS = NO;
				ENABLE_STRICT_OBJC_MSGSEND = YES;
				GCC_C_LANGUAGE_STANDARD = gnu11;
				GCC_NO_COMMON_BLOCKS = YES;
				GCC_WARN_64_TO_32_BIT_CONVERSION = YES;
				GCC_WARN_ABOUT_RETURN_TYPE = YES_ERROR;
				GCC_WARN_UNDECLARED_SELECTOR = YES;
				GCC_WARN_UNINITIALIZED_AUTOS = YES_AGGRESSIVE;
				GCC_WARN_UNUSED_FUNCTION = YES;
				GCC_WARN_UNUSED_VARIABLE = YES;
				IPHONEOS_DEPLOYMENT_TARGET = 12.2;
				MTL_ENABLE_DEBUG_INFO = NO;
				MTL_FAST_MATH = YES;
				SDKROOT = iphoneos;
				VALIDATE_PRODUCT = YES;
			};
			name = Release;
		};
		92A67614258B8ABC00528691 /* Debug */ = {
			isa = XCBuildConfiguration;
			buildSettings = {
				ASSETCATALOG_COMPILER_APPICON_NAME = AppIcon;
				CODE_SIGN_STYLE = Automatic;
				DEVELOPMENT_TEAM = M2JLKL9Y9P;
				INFOPLIST_FILE = TPYYCacheDome/Info.plist;
				LD_RUNPATH_SEARCH_PATHS = (
					"$(inherited)",
					"@executable_path/Frameworks",
				);
				PRODUCT_BUNDLE_IDENTIFIER = LG.TPYYCacheDome;
				PRODUCT_NAME = "$(TARGET_NAME)";
				TARGETED_DEVICE_FAMILY = "1,2";
			};
			name = Debug;
		};
		92A67615258B8ABC00528691 /* Release */ = {
			isa = XCBuildConfiguration;
			buildSettings = {
				ASSETCATALOG_COMPILER_APPICON_NAME = AppIcon;
				CODE_SIGN_STYLE = Automatic;
				DEVELOPMENT_TEAM = M2JLKL9Y9P;
				INFOPLIST_FILE = TPYYCacheDome/Info.plist;
				LD_RUNPATH_SEARCH_PATHS = (
					"$(inherited)",
					"@executable_path/Frameworks",
				);
				PRODUCT_BUNDLE_IDENTIFIER = LG.TPYYCacheDome;
				PRODUCT_NAME = "$(TARGET_NAME)";
				TARGETED_DEVICE_FAMILY = "1,2";
			};
			name = Release;
		};
/* End XCBuildConfiguration section */

/* Begin XCConfigurationList section */
		92A675F8258B8ABA00528691 /* Build configuration list for PBXProject "TPYYCacheDome" */ = {
			isa = XCConfigurationList;
			buildConfigurations = (
				92A67611258B8ABC00528691 /* Debug */,
				92A67612258B8ABC00528691 /* Release */,
			);
			defaultConfigurationIsVisible = 0;
			defaultConfigurationName = Release;
		};
		92A67613258B8ABC00528691 /* Build configuration list for PBXNativeTarget "TPYYCacheDome" */ = {
			isa = XCConfigurationList;
			buildConfigurations = (
				92A67614258B8ABC00528691 /* Debug */,
				92A67615258B8ABC00528691 /* Release */,
			);
			defaultConfigurationIsVisible = 0;
			defaultConfigurationName = Release;
		};
/* End XCConfigurationList section */
	};
	rootObject = 92A675F5258B8ABA00528691 /* Project object */;
}
